{"1.2.0",
[{<<"jesse">>,{pkg,<<"jesse">>,<<"1.8.1">>},0},
 {<<"jsx">>,{pkg,<<"jsx">>,<<"3.1.0">>},0}]}.
[
{pkg_hash,[
 {<<"jesse">>, <<"C9E3670C7EE40F719734E3BC716578143AABA93FC7525A02A7D5CB300B3AD71E">>},
 {<<"jsx">>, <<"D12516BAA0BB23A59BB35DCCAF02A1BD08243FCBB9EFE24F2D9D056CCFF71268">>}]},
{pkg_hash_ext,[
 {<<"jesse">>, <<"0EDED3F18623FDA2F25989804A06CF518B4ACF2E9365B18C8E8C013D7E3C906F">>},
 {<<"jsx">>, <<"0C5CC8FDC11B53CC25CF65AC6705AD39E54ECC56D1C22E4ADB8F5A53FB9427F3">>}]}
].
