{"1.2.0",
[{<<"acceptor_pool">>,{pkg,<<"acceptor_pool">>,<<"1.0.0">>},2},
 {<<"chatterbox">>,{pkg,<<"ts_chatterbox">>,<<"0.15.1">>},2},
 {<<"ctx">>,{pkg,<<"ctx">>,<<"0.6.0">>},2},
 {<<"gproc">>,{pkg,<<"gproc">>,<<"0.9.1">>},2},
 {<<"grpcbox">>,{pkg,<<"grpcbox">>,<<"0.17.1">>},1},
 {<<"hpack">>,{pkg,<<"hpack_erl">>,<<"0.3.0">>},3},
 {<<"jesse">>,{pkg,<<"jesse">>,<<"1.8.1">>},0},
 {<<"jsx">>,{pkg,<<"jsx">>,<<"3.1.0">>},0},
 {<<"opentelemetry">>,{pkg,<<"opentelemetry">>,<<"1.5.0">>},0},
 {<<"opentelemetry_api">>,{pkg,<<"opentelemetry_api">>,<<"1.4.0">>},0},
 {<<"opentelemetry_exporter">>,
  {pkg,<<"opentelemetry_exporter">>,<<"1.8.0">>},
  0},
 {<<"ssl_verify_fun">>,{pkg,<<"ssl_verify_fun">>,<<"1.1.7">>},2},
 {<<"tls_certificate_check">>,
  {pkg,<<"tls_certificate_check">>,<<"1.28.0">>},
  1}]}.
[
{pkg_hash,[
 {<<"acceptor_pool">>, <<"43C20D2ACAE35F0C2BCD64F9D2BDE267E459F0F3FD23DAB26485BF518C281B21">>},
 {<<"chatterbox">>, <<"5CAC4D15DD7AD61FC3C4415CE4826FC563D4643DEE897A558EC4EA0B1C835C9C">>},
 {<<"ctx">>, <<"8FF88B70E6400C4DF90142E7F130625B82086077A45364A78D208ED3ED53C7FE">>},
 {<<"gproc">>, <<"F1DF0364423539CF0B80E8201C8B1839E229E5F9B3CCB944C5834626998F5B8C">>},
 {<<"grpcbox">>, <<"6E040AB3EF16FE699FFB513B0EF8E2E896DA7B18931A1EF817143037C454BCCE">>},
 {<<"hpack">>, <<"2461899CC4AB6A0EF8E970C1661C5FC6A52D3C25580BC6DD204F84CE94669926">>},
 {<<"jesse">>, <<"C9E3670C7EE40F719734E3BC716578143AABA93FC7525A02A7D5CB300B3AD71E">>},
 {<<"jsx">>, <<"D12516BAA0BB23A59BB35DCCAF02A1BD08243FCBB9EFE24F2D9D056CCFF71268">>},
 {<<"opentelemetry">>, <<"7DDA6551EDFC3050EA4B0B40C0D2570423D6372B97E9C60793263EF62C53C3C2">>},
 {<<"opentelemetry_api">>, <<"63CA1742F92F00059298F478048DFB826F4B20D49534493D6919A0DB39B6DB04">>},
 {<<"opentelemetry_exporter">>, <<"5D546123230771EF4174E37BEDFD77E3374913304CD6EA3CA82A2ADD49CD5D56">>},
 {<<"ssl_verify_fun">>, <<"354C321CF377240C7B8716899E182CE4890C5938111A1296ADD3EC74CF1715DF">>},
 {<<"tls_certificate_check">>, <<"C39BF21F67C2D124AE905454FAD00F27E625917E8AB1009146E916E1DF6AB275">>}]},
{pkg_hash_ext,[
 {<<"acceptor_pool">>, <<"0CBCD83FDC8B9AD2EEE2067EF8B91A14858A5883CB7CD800E6FCD5803E158788">>},
 {<<"chatterbox">>, <<"4F75B91451338BC0DA5F52F3480FA6EF6E3A2AEECFC33686D6B3D0A0948F31AA">>},
 {<<"ctx">>, <<"A14ED2D1B67723DBEBBE423B28D7615EB0BDCBA6FF28F2D1F1B0A7E1D4AA5FC2">>},
 {<<"gproc">>, <<"905088E32E72127ED9466F0BAC0D8E65704CA5E73EE5A62CB073C3117916D507">>},
 {<<"grpcbox">>, <<"4A3B5D7111DAABC569DC9CBD9B202A3237D81C80BF97212FBC676832CB0CEB17">>},
 {<<"hpack">>, <<"D6137D7079169D8C485C6962DFE261AF5B9EF60FBC557344511C1E65E3D95FB0">>},
 {<<"jesse">>, <<"0EDED3F18623FDA2F25989804A06CF518B4ACF2E9365B18C8E8C013D7E3C906F">>},
 {<<"jsx">>, <<"0C5CC8FDC11B53CC25CF65AC6705AD39E54ECC56D1C22E4ADB8F5A53FB9427F3">>},
 {<<"opentelemetry">>, <<"CDF4F51D17B592FC592B9A75F86A6F808C23044BA7CF7B9534DEBBCC5C23B0EE">>},
 {<<"opentelemetry_api">>, <<"3DFBBFAA2C2ED3121C5C483162836C4F9027DEF469C41578AF5EF32589FCFC58">>},
 {<<"opentelemetry_exporter">>, <<"A1F9F271F8D3B02B81462A6BFEF7075FD8457FDB06ADFF5D2537DF5E2264D9AF">>},
 {<<"ssl_verify_fun">>, <<"FE4C190E8F37401D30167C8C405EDA19469F34577987C76DDE613E838BBC67F8">>},
 {<<"tls_certificate_check">>, <<"3AB058C3F9457FFFCA916729587415F0DDC822048A0E5B5E2694918556D92DF1">>}]}
].
