{"1.2.0",
[{<<"jesse">>,{pkg,<<"jesse">>,<<"1.8.0">>},0},
 {<<"jsx">>,{pkg,<<"jsx">>,<<"3.1.0">>},0},
 {<<"rfc3339">>,{pkg,<<"rfc3339">>,<<"0.9.0">>},1}]}.
[
{pkg_hash,[
 {<<"jesse">>, <<"CF7615C3F2BE892F77BCCF736F23B4BD54A0FC686C7040431AEBA5EF7932CC4D">>},
 {<<"jsx">>, <<"D12516BAA0BB23A59BB35DCCAF02A1BD08243FCBB9EFE24F2D9D056CCFF71268">>},
 {<<"rfc3339">>, <<"2075653DC9407541C84B1E15F8BDA2ABE95FB17C9694025E079583F2D19C1060">>}]},
{pkg_hash_ext,[
 {<<"jesse">>, <<"860EF4621DDBFB72792668929BE127E45E8B07CF19EEA264B0A9D48D36CCA41B">>},
 {<<"jsx">>, <<"0C5CC8FDC11B53CC25CF65AC6705AD39E54ECC56D1C22E4ADB8F5A53FB9427F3">>},
 {<<"rfc3339">>, <<"182314DE35C9F4180B22EB5F22916D8D7A799C1109A060C752970273A9332AD6">>}]}
].
